
Microsoft Visual Studio Solution File, Format Version 12.00
# Visual Studio 14
VisualStudioVersion = 14.0.25420.1
MinimumVisualStudioVersion = 10.0.40219.1
Project("{FAE04EC0-301F-11D3-BF4B-00C04F79EFBC}") = "Web", "Web\Web.csproj", "{A0693ABC-C337-425B-A570-22D4BDAD1648}"
EndProject
Project("{FAE04EC0-301F-11D3-BF4B-00C04F79EFBC}") = "Datos", "Datos\Datos.csproj", "{4CD926A1-CAC5-471C-940F-9A4E79099F90}"
EndProject
Project("{FAE04EC0-301F-11D3-BF4B-00C04F79EFBC}") = "Negocio", "Negocio\Negocio.csproj", "{9587233E-8949-4D19-A78A-95B01F7E2004}"
EndProject
Global
	GlobalSection(SolutionConfigurationPlatforms) = preSolution
		Debug|Any CPU = Debug|Any CPU
		Release|Any CPU = Release|Any CPU
	EndGlobalSection
	GlobalSection(ProjectConfigurationPlatforms) = postSolution
		{A0693ABC-C337-425B-A570-22D4BDAD1648}.Debug|Any CPU.ActiveCfg = Debug|Any CPU
		{A0693ABC-C337-425B-A570-22D4BDAD1648}.Debug|Any CPU.Build.0 = Debug|Any CPU
		{A0693ABC-C337-425B-A570-22D4BDAD1648}.Release|Any CPU.ActiveCfg = Release|Any CPU
		{A0693ABC-C337-425B-A570-22D4BDAD1648}.Release|Any CPU.Build.0 = Release|Any CPU
		{4CD926A1-CAC5-471C-940F-9A4E79099F90}.Debug|Any CPU.ActiveCfg = Debug|Any CPU
		{4CD926A1-CAC5-471C-940F-9A4E79099F90}.Debug|Any CPU.Build.0 = Debug|Any CPU
		{4CD926A1-CAC5-471C-940F-9A4E79099F90}.Release|Any CPU.ActiveCfg = Release|Any CPU
		{4CD926A1-CAC5-471C-940F-9A4E79099F90}.Release|Any CPU.Build.0 = Release|Any CPU
		{9587233E-8949-4D19-A78A-95B01F7E2004}.Debug|Any CPU.ActiveCfg = Debug|Any CPU
		{9587233E-8949-4D19-A78A-95B01F7E2004}.Debug|Any CPU.Build.0 = Debug|Any CPU
		{9587233E-8949-4D19-A78A-95B01F7E2004}.Release|Any CPU.ActiveCfg = Release|Any CPU
		{9587233E-8949-4D19-A78A-95B01F7E2004}.Release|Any CPU.Build.0 = Release|Any CPU
	EndGlobalSection
	GlobalSection(SolutionProperties) = preSolution
		HideSolutionNode = FALSE
	EndGlobalSection
EndGlobal
